
Microsoft Visual Studio Solution File, Format Version 12.00
# Visual Studio Version 16
VisualStudioVersion = 16.0.33423.256
MinimumVisualStudioVersion = 10.0.40219.1
Project("{8BC9CEB8-8B4A-11D0-8D11-00A0C91BC942}") = "실습2-1", "실습2-1\실습2-1.vcxproj", "{DF355E97-A0ED-404E-BC63-8EDB97317851}"
EndProject
Project("{8BC9CEB8-8B4A-11D0-8D11-00A0C91BC942}") = "실습2-2", "실습2-2\실습2-2.vcxproj", "{14C805A9-AF2E-4C77-904B-B0CFB106AB99}"
EndProject
Project("{8BC9CEB8-8B4A-11D0-8D11-00A0C91BC942}") = "실습2-3", "실습2-3\실습2-3.vcxproj", "{09CD38A7-7BB7-49AB-8D70-32E91C5E4D7F}"
EndProject
Project("{8BC9CEB8-8B4A-11D0-8D11-00A0C91BC942}") = "실습2-4", "실습2-4\실습2-4.vcxproj", "{8CB66D99-F9C4-4919-8613-979CCE66A9A2}"
EndProject
Project("{8BC9CEB8-8B4A-11D0-8D11-00A0C91BC942}") = "실습2-5", "실습2-5\실습2-5.vcxproj", "{11ABD5C7-CE0E-4E64-B7E1-D1EB9CF72DCB}"
EndProject
Project("{8BC9CEB8-8B4A-11D0-8D11-00A0C91BC942}") = "실습2-7", "실습2-7\실습2-7.vcxproj", "{119B0AA9-6229-4841-B04B-B9C9A3BC4EA5}"
EndProject
Project("{8BC9CEB8-8B4A-11D0-8D11-00A0C91BC942}") = "실습3-1", "실습3-1\실습3-1.vcxproj", "{7CFC2FD5-05A1-4CAC-B59C-0BF1150C2748}"
EndProject
Project("{8BC9CEB8-8B4A-11D0-8D11-00A0C91BC942}") = "실습3-2", "실습3-2\실습3-2.vcxproj", "{5D4A11C2-0348-4877-B19F-BFF081686A11}"
EndProject
Project("{8BC9CEB8-8B4A-11D0-8D11-00A0C91BC942}") = "실습1-2", "실습1-2\실습1-2.vcxproj", "{BBE7916D-21BD-48B3-AE4A-4BA62515B5E0}"
EndProject
Project("{8BC9CEB8-8B4A-11D0-8D11-00A0C91BC942}") = "실습3-4", "실습3-4\실습3-4.vcxproj", "{6AB7310E-5A93-49D2-9E9D-AB68A2113043}"
EndProject
Global
	GlobalSection(SolutionConfigurationPlatforms) = preSolution
		Debug|x64 = Debug|x64
		Debug|x86 = Debug|x86
		Release|x64 = Release|x64
		Release|x86 = Release|x86
	EndGlobalSection
	GlobalSection(ProjectConfigurationPlatforms) = postSolution
		{DF355E97-A0ED-404E-BC63-8EDB97317851}.Debug|x64.ActiveCfg = Debug|x64
		{DF355E97-A0ED-404E-BC63-8EDB97317851}.Debug|x64.Build.0 = Debug|x64
		{DF355E97-A0ED-404E-BC63-8EDB97317851}.Debug|x86.ActiveCfg = Debug|Win32
		{DF355E97-A0ED-404E-BC63-8EDB97317851}.Debug|x86.Build.0 = Debug|Win32
		{DF355E97-A0ED-404E-BC63-8EDB97317851}.Release|x64.ActiveCfg = Release|x64
		{DF355E97-A0ED-404E-BC63-8EDB97317851}.Release|x64.Build.0 = Release|x64
		{DF355E97-A0ED-404E-BC63-8EDB97317851}.Release|x86.ActiveCfg = Release|Win32
		{DF355E97-A0ED-404E-BC63-8EDB97317851}.Release|x86.Build.0 = Release|Win32
		{14C805A9-AF2E-4C77-904B-B0CFB106AB99}.Debug|x64.ActiveCfg = Debug|x64
		{14C805A9-AF2E-4C77-904B-B0CFB106AB99}.Debug|x64.Build.0 = Debug|x64
		{14C805A9-AF2E-4C77-904B-B0CFB106AB99}.Debug|x86.ActiveCfg = Debug|Win32
		{14C805A9-AF2E-4C77-904B-B0CFB106AB99}.Debug|x86.Build.0 = Debug|Win32
		{14C805A9-AF2E-4C77-904B-B0CFB106AB99}.Release|x64.ActiveCfg = Release|x64
		{14C805A9-AF2E-4C77-904B-B0CFB106AB99}.Release|x64.Build.0 = Release|x64
		{14C805A9-AF2E-4C77-904B-B0CFB106AB99}.Release|x86.ActiveCfg = Release|Win32
		{14C805A9-AF2E-4C77-904B-B0CFB106AB99}.Release|x86.Build.0 = Release|Win32
		{09CD38A7-7BB7-49AB-8D70-32E91C5E4D7F}.Debug|x64.ActiveCfg = Debug|x64
		{09CD38A7-7BB7-49AB-8D70-32E91C5E4D7F}.Debug|x64.Build.0 = Debug|x64
		{09CD38A7-7BB7-49AB-8D70-32E91C5E4D7F}.Debug|x86.ActiveCfg = Debug|Win32
		{09CD38A7-7BB7-49AB-8D70-32E91C5E4D7F}.Debug|x86.Build.0 = Debug|Win32
		{09CD38A7-7BB7-49AB-8D70-32E91C5E4D7F}.Release|x64.ActiveCfg = Release|x64
		{09CD38A7-7BB7-49AB-8D70-32E91C5E4D7F}.Release|x64.Build.0 = Release|x64
		{09CD38A7-7BB7-49AB-8D70-32E91C5E4D7F}.Release|x86.ActiveCfg = Release|Win32
		{09CD38A7-7BB7-49AB-8D70-32E91C5E4D7F}.Release|x86.Build.0 = Release|Win32
		{8CB66D99-F9C4-4919-8613-979CCE66A9A2}.Debug|x64.ActiveCfg = Debug|x64
		{8CB66D99-F9C4-4919-8613-979CCE66A9A2}.Debug|x64.Build.0 = Debug|x64
		{8CB66D99-F9C4-4919-8613-979CCE66A9A2}.Debug|x86.ActiveCfg = Debug|Win32
		{8CB66D99-F9C4-4919-8613-979CCE66A9A2}.Debug|x86.Build.0 = Debug|Win32
		{8CB66D99-F9C4-4919-8613-979CCE66A9A2}.Release|x64.ActiveCfg = Release|x64
		{8CB66D99-F9C4-4919-8613-979CCE66A9A2}.Release|x64.Build.0 = Release|x64
		{8CB66D99-F9C4-4919-8613-979CCE66A9A2}.Release|x86.ActiveCfg = Release|Win32
		{8CB66D99-F9C4-4919-8613-979CCE66A9A2}.Release|x86.Build.0 = Release|Win32
		{11ABD5C7-CE0E-4E64-B7E1-D1EB9CF72DCB}.Debug|x64.ActiveCfg = Debug|x64
		{11ABD5C7-CE0E-4E64-B7E1-D1EB9CF72DCB}.Debug|x64.Build.0 = Debug|x64
		{11ABD5C7-CE0E-4E64-B7E1-D1EB9CF72DCB}.Debug|x86.ActiveCfg = Debug|Win32
		{11ABD5C7-CE0E-4E64-B7E1-D1EB9CF72DCB}.Debug|x86.Build.0 = Debug|Win32
		{11ABD5C7-CE0E-4E64-B7E1-D1EB9CF72DCB}.Release|x64.ActiveCfg = Release|x64
		{11ABD5C7-CE0E-4E64-B7E1-D1EB9CF72DCB}.Release|x64.Build.0 = Release|x64
		{11ABD5C7-CE0E-4E64-B7E1-D1EB9CF72DCB}.Release|x86.ActiveCfg = Release|Win32
		{11ABD5C7-CE0E-4E64-B7E1-D1EB9CF72DCB}.Release|x86.Build.0 = Release|Win32
		{119B0AA9-6229-4841-B04B-B9C9A3BC4EA5}.Debug|x64.ActiveCfg = Debug|x64
		{119B0AA9-6229-4841-B04B-B9C9A3BC4EA5}.Debug|x64.Build.0 = Debug|x64
		{119B0AA9-6229-4841-B04B-B9C9A3BC4EA5}.Debug|x86.ActiveCfg = Debug|Win32
		{119B0AA9-6229-4841-B04B-B9C9A3BC4EA5}.Debug|x86.Build.0 = Debug|Win32
		{119B0AA9-6229-4841-B04B-B9C9A3BC4EA5}.Release|x64.ActiveCfg = Release|x64
		{119B0AA9-6229-4841-B04B-B9C9A3BC4EA5}.Release|x64.Build.0 = Release|x64
		{119B0AA9-6229-4841-B04B-B9C9A3BC4EA5}.Release|x86.ActiveCfg = Release|Win32
		{119B0AA9-6229-4841-B04B-B9C9A3BC4EA5}.Release|x86.Build.0 = Release|Win32
		{7CFC2FD5-05A1-4CAC-B59C-0BF1150C2748}.Debug|x64.ActiveCfg = Debug|x64
		{7CFC2FD5-05A1-4CAC-B59C-0BF1150C2748}.Debug|x64.Build.0 = Debug|x64
		{7CFC2FD5-05A1-4CAC-B59C-0BF1150C2748}.Debug|x86.ActiveCfg = Debug|Win32
		{7CFC2FD5-05A1-4CAC-B59C-0BF1150C2748}.Debug|x86.Build.0 = Debug|Win32
		{7CFC2FD5-05A1-4CAC-B59C-0BF1150C2748}.Release|x64.ActiveCfg = Release|x64
		{7CFC2FD5-05A1-4CAC-B59C-0BF1150C2748}.Release|x64.Build.0 = Release|x64
		{7CFC2FD5-05A1-4CAC-B59C-0BF1150C2748}.Release|x86.ActiveCfg = Release|Win32
		{7CFC2FD5-05A1-4CAC-B59C-0BF1150C2748}.Release|x86.Build.0 = Release|Win32
		{5D4A11C2-0348-4877-B19F-BFF081686A11}.Debug|x64.ActiveCfg = Debug|x64
		{5D4A11C2-0348-4877-B19F-BFF081686A11}.Debug|x64.Build.0 = Debug|x64
		{5D4A11C2-0348-4877-B19F-BFF081686A11}.Debug|x86.ActiveCfg = Debug|Win32
		{5D4A11C2-0348-4877-B19F-BFF081686A11}.Debug|x86.Build.0 = Debug|Win32
		{5D4A11C2-0348-4877-B19F-BFF081686A11}.Release|x64.ActiveCfg = Release|x64
		{5D4A11C2-0348-4877-B19F-BFF081686A11}.Release|x64.Build.0 = Release|x64
		{5D4A11C2-0348-4877-B19F-BFF081686A11}.Release|x86.ActiveCfg = Release|Win32
		{5D4A11C2-0348-4877-B19F-BFF081686A11}.Release|x86.Build.0 = Release|Win32
		{BBE7916D-21BD-48B3-AE4A-4BA62515B5E0}.Debug|x64.ActiveCfg = Debug|x64
		{BBE7916D-21BD-48B3-AE4A-4BA62515B5E0}.Debug|x64.Build.0 = Debug|x64
		{BBE7916D-21BD-48B3-AE4A-4BA62515B5E0}.Debug|x86.ActiveCfg = Debug|Win32
		{BBE7916D-21BD-48B3-AE4A-4BA62515B5E0}.Debug|x86.Build.0 = Debug|Win32
		{BBE7916D-21BD-48B3-AE4A-4BA62515B5E0}.Release|x64.ActiveCfg = Release|x64
		{BBE7916D-21BD-48B3-AE4A-4BA62515B5E0}.Release|x64.Build.0 = Release|x64
		{BBE7916D-21BD-48B3-AE4A-4BA62515B5E0}.Release|x86.ActiveCfg = Release|Win32
		{BBE7916D-21BD-48B3-AE4A-4BA62515B5E0}.Release|x86.Build.0 = Release|Win32
		{6AB7310E-5A93-49D2-9E9D-AB68A2113043}.Debug|x64.ActiveCfg = Debug|x64
		{6AB7310E-5A93-49D2-9E9D-AB68A2113043}.Debug|x64.Build.0 = Debug|x64
		{6AB7310E-5A93-49D2-9E9D-AB68A2113043}.Debug|x86.ActiveCfg = Debug|Win32
		{6AB7310E-5A93-49D2-9E9D-AB68A2113043}.Debug|x86.Build.0 = Debug|Win32
		{6AB7310E-5A93-49D2-9E9D-AB68A2113043}.Release|x64.ActiveCfg = Release|x64
		{6AB7310E-5A93-49D2-9E9D-AB68A2113043}.Release|x64.Build.0 = Release|x64
		{6AB7310E-5A93-49D2-9E9D-AB68A2113043}.Release|x86.ActiveCfg = Release|Win32
		{6AB7310E-5A93-49D2-9E9D-AB68A2113043}.Release|x86.Build.0 = Release|Win32
	EndGlobalSection
	GlobalSection(SolutionProperties) = preSolution
		HideSolutionNode = FALSE
	EndGlobalSection
	GlobalSection(ExtensibilityGlobals) = postSolution
		SolutionGuid = {73208992-C9BE-4206-A813-A84E53266846}
	EndGlobalSection
EndGlobal
